// !$*UTF8*$!
{
	archiveVersion = 1;
	classes = {
	};
	objectVersion = 46;
	objects = {

/* Begin PBXBuildFile section */
		92CA00F51A5A9C5D00D19FB2 /* AppDelegate.swift in Sources */ = {isa = PBXBuildFile; fileRef = 92CA00F41A5A9C5D00D19FB2 /* AppDelegate.swift */; };
		92CA00F71A5A9C5D00D19FB2 /* ViewController.swift in Sources */ = {isa = PBXBuildFile; fileRef = 92CA00F61A5A9C5D00D19FB2 /* ViewController.swift */; };
		92CA00FA1A5A9C5D00D19FB2 /* Main.storyboard in Resources */ = {isa = PBXBuildFile; fileRef = 92CA00F81A5A9C5D00D19FB2 /* Main.storyboard */; };
		92CA00FC1A5A9C5D00D19FB2 /* Images.xcassets in Resources */ = {isa = PBXBuildFile; fileRef = 92CA00FB1A5A9C5D00D19FB2 /* Images.xcassets */; };
		92CA00FF1A5A9C5D00D19FB2 /* LaunchScreen.xib in Resources */ = {isa = PBXBuildFile; fileRef = 92CA00FD1A5A9C5D00D19FB2 /* LaunchScreen.xib */; };
		92CA010B1A5A9C5D00D19FB2 /* FibonacciAppTests.swift in Sources */ = {isa = PBXBuildFile; fileRef = 92CA010A1A5A9C5D00D19FB2 /* FibonacciAppTests.swift */; };
/* End PBXBuildFile section */

/* Begin PBXContainerItemProxy section */
		92CA01051A5A9C5D00D19FB2 /* PBXContainerItemProxy */ = {
			isa = PBXContainerItemProxy;
			containerPortal = 92CA00E71A5A9C5D00D19FB2 /* Project object */;
			proxyType = 1;
			remoteGlobalIDString = 92CA00EE1A5A9C5D00D19FB2;
			remoteInfo = FibonacciApp;
		};
/* End PBXContainerItemProxy section */

/* Begin PBXFileReference section */
		92CA00EF1A5A9C5D00D19FB2 /* FibonacciApp.app */ = {isa = PBXFileReference; explicitFileType = wrapper.application; includeInIndex = 0; path = FibonacciApp.app; sourceTree = BUILT_PRODUCTS_DIR; };
		92CA00F31A5A9C5D00D19FB2 /* Info.plist */ = {isa = PBXFileReference; lastKnownFileType = text.plist.xml; path = Info.plist; sourceTree = "<group>"; };
		92CA00F41A5A9C5D00D19FB2 /* AppDelegate.swift */ = {isa = PBXFileReference; lastKnownFileType = sourcecode.swift; path = AppDelegate.swift; sourceTree = "<group>"; };
		92CA00F61A5A9C5D00D19FB2 /* ViewController.swift */ = {isa = PBXFileReference; lastKnownFileType = sourcecode.swift; path = ViewController.swift; sourceTree = "<group>"; };
		92CA00F91A5A9C5D00D19FB2 /* Base */ = {isa = PBXFileReference; lastKnownFileType = file.storyboard; name = Base; path = Base.lproj/Main.storyboard; sourceTree = "<group>"; };
		92CA00FB1A5A9C5D00D19FB2 /* Images.xcassets */ = {isa = PBXFileReference; lastKnownFileType = folder.assetcatalog; path = Images.xcassets; sourceTree = "<group>"; };
		92CA00FE1A5A9C5D00D19FB2 /* Base */ = {isa = PBXFileReference; lastKnownFileType = file.xib; name = Base; path = Base.lproj/LaunchScreen.xib; sourceTree = "<group>"; };
		92CA01041A5A9C5D00D19FB2 /* FibonacciAppTests.xctest */ = {isa = PBXFileReference; explicitFileType = wrapper.cfbundle; includeInIndex = 0; path = FibonacciAppTests.xctest; sourceTree = BUILT_PRODUCTS_DIR; };
		92CA01091A5A9C5D00D19FB2 /* Info.plist */ = {isa = PBXFileReference; lastKnownFileType = text.plist.xml; path = Info.plist; sourceTree = "<group>"; };
		92CA010A1A5A9C5D00D19FB2 /* FibonacciAppTests.swift */ = {isa = PBXFileReference; lastKnownFileType = sourcecode.swift; path = FibonacciAppTests.swift; sourceTree = "<group>"; };
/* End PBXFileReference section */

/* Begin PBXFrameworksBuildPhase section */
		92CA00EC1A5A9C5D00D19FB2 /* Frameworks */ = {
			isa = PBXFrameworksBuildPhase;
			buildActionMask = 2147483647;
			files = (
			);
			runOnlyForDeploymentPostprocessing = 0;
		};
		92CA01011A5A9C5D00D19FB2 /* Frameworks */ = {
			isa = PBXFrameworksBuildPhase;
			buildActionMask = 2147483647;
			files = (
			);
			runOnlyForDeploymentPostprocessing = 0;
		};
/* End PBXFrameworksBuildPhase section */

/* Begin PBXGroup section */
		92CA00E61A5A9C5D00D19FB2 = {
			isa = PBXGroup;
			children = (
				92CA00F11A5A9C5D00D19FB2 /* FibonacciApp */,
				92CA01071A5A9C5D00D19FB2 /* FibonacciAppTests */,
				92CA00F01A5A9C5D00D19FB2 /* Products */,
			);
			sourceTree = "<group>";
		};
		92CA00F01A5A9C5D00D19FB2 /* Products */ = {
			isa = PBXGroup;
			children = (
				92CA00EF1A5A9C5D00D19FB2 /* FibonacciApp.app */,
				92CA01041A5A9C5D00D19FB2 /* FibonacciAppTests.xctest */,
			);
			name = Products;
			sourceTree = "<group>";
		};
		92CA00F11A5A9C5D00D19FB2 /* FibonacciApp */ = {
			isa = PBXGroup;
			children = (
				92CA00F41A5A9C5D00D19FB2 /* AppDelegate.swift */,
				92CA00F61A5A9C5D00D19FB2 /* ViewController.swift */,
				92CA00F81A5A9C5D00D19FB2 /* Main.storyboard */,
				92CA00FB1A5A9C5D00D19FB2 /* Images.xcassets */,
				92CA00FD1A5A9C5D00D19FB2 /* LaunchScreen.xib */,
				92CA00F21A5A9C5D00D19FB2 /* Supporting Files */,
			);
			path = FibonacciApp;
			sourceTree = "<group>";
		};
		92CA00F21A5A9C5D00D19FB2 /* Supporting Files */ = {
			isa = PBXGroup;
			children = (
				92CA00F31A5A9C5D00D19FB2 /* Info.plist */,
			);
			name = "Supporting Files";
			sourceTree = "<group>";
		};
		92CA01071A5A9C5D00D19FB2 /* FibonacciAppTests */ = {
			isa = PBXGroup;
			children = (
				92CA010A1A5A9C5D00D19FB2 /* FibonacciAppTests.swift */,
				92CA01081A5A9C5D00D19FB2 /* Supporting Files */,
			);
			path = FibonacciAppTests;
			sourceTree = "<group>";
		};
		92CA01081A5A9C5D00D19FB2 /* Supporting Files */ = {
			isa = PBXGroup;
			children = (
				92CA01091A5A9C5D00D19FB2 /* Info.plist */,
			);
			name = "Supporting Files";
			sourceTree = "<group>";
		};
/* End PBXGroup section */

/* Begin PBXNativeTarget section */
		92CA00EE1A5A9C5D00D19FB2 /* FibonacciApp */ = {
			isa = PBXNativeTarget;
			buildConfigurationList = 92CA010E1A5A9C5D00D19FB2 /* Build configuration list for PBXNativeTarget "FibonacciApp" */;
			buildPhases = (
				92CA00EB1A5A9C5D00D19FB2 /* Sources */,
				92CA00EC1A5A9C5D00D19FB2 /* Frameworks */,
				92CA00ED1A5A9C5D00D19FB2 /* Resources */,
			);
			buildRules = (
			);
			dependencies = (
			);
			name = FibonacciApp;
			productName = FibonacciApp;
			productReference = 92CA00EF1A5A9C5D00D19FB2 /* FibonacciApp.app */;
			productType = "com.apple.product-type.application";
		};
		92CA01031A5A9C5D00D19FB2 /* FibonacciAppTests */ = {
			isa = PBXNativeTarget;
			buildConfigurationList = 92CA01111A5A9C5D00D19FB2 /* Build configuration list for PBXNativeTarget "FibonacciAppTests" */;
			buildPhases = (
				92CA01001A5A9C5D00D19FB2 /* Sources */,
				92CA01011A5A9C5D00D19FB2 /* Frameworks */,
				92CA01021A5A9C5D00D19FB2 /* Resources */,
			);
			buildRules = (
			);
			dependencies = (
				92CA01061A5A9C5D00D19FB2 /* PBXTargetDependency */,
			);
			name = FibonacciAppTests;
			productName = FibonacciAppTests;
			productReference = 92CA01041A5A9C5D00D19FB2 /* FibonacciAppTests.xctest */;
			productType = "com.apple.product-type.bundle.unit-test";
		};
/* End PBXNativeTarget section */

/* Begin PBXProject section */
		92CA00E71A5A9C5D00D19FB2 /* Project object */ = {
			isa = PBXProject;
			attributes = {
				LastUpgradeCheck = 0610;
				ORGANIZATIONNAME = sanjay;
				TargetAttributes = {
					92CA00EE1A5A9C5D00D19FB2 = {
						CreatedOnToolsVersion = 6.1.1;
					};
					92CA01031A5A9C5D00D19FB2 = {
						CreatedOnToolsVersion = 6.1.1;
						TestTargetID = 92CA00EE1A5A9C5D00D19FB2;
					};
				};
			};
			buildConfigurationList = 92CA00EA1A5A9C5D00D19FB2 /* Build configuration list for PBXProject "FibonacciApp" */;
			compatibilityVersion = "Xcode 3.2";
			developmentRegion = English;
			hasScannedForEncodings = 0;
			knownRegions = (
				en,
				Base,
			);
			mainGroup = 92CA00E61A5A9C5D00D19FB2;
			productRefGroup = 92CA00F01A5A9C5D00D19FB2 /* Products */;
			projectDirPath = "";
			projectRoot = "";
			targets = (
				92CA00EE1A5A9C5D00D19FB2 /* FibonacciApp */,
				92CA01031A5A9C5D00D19FB2 /* FibonacciAppTests */,
			);
		};
/* End PBXProject section */

/* Begin PBXResourcesBuildPhase section */
		92CA00ED1A5A9C5D00D19FB2 /* Resources */ = {
			isa = PBXResourcesBuildPhase;
			buildActionMask = 2147483647;
			files = (
				92CA00FA1A5A9C5D00D19FB2 /* Main.storyboard in Resources */,
				92CA00FF1A5A9C5D00D19FB2 /* LaunchScreen.xib in Resources */,
				92CA00FC1A5A9C5D00D19FB2 /* Images.xcassets in Resources */,
			);
			runOnlyForDeploymentPostprocessing = 0;
		};
		92CA01021A5A9C5D00D19FB2 /* Resources */ = {
			isa = PBXResourcesBuildPhase;
			buildActionMask = 2147483647;
			files = (
			);
			runOnlyForDeploymentPostprocessing = 0;
		};
/* End PBXResourcesBuildPhase section */

/* Begin PBXSourcesBuildPhase section */
		92CA00EB1A5A9C5D00D19FB2 /* Sources */ = {
			isa = PBXSourcesBuildPhase;
			buildActionMask = 2147483647;
			files = (
				92CA00F71A5A9C5D00D19FB2 /* ViewController.swift in Sources */,
				92CA00F51A5A9C5D00D19FB2 /* AppDelegate.swift in Sources */,
			);
			runOnlyForDeploymentPostprocessing = 0;
		};
		92CA01001A5A9C5D00D19FB2 /* Sources */ = {
			isa = PBXSourcesBuildPhase;
			buildActionMask = 2147483647;
			files = (
				92CA010B1A5A9C5D00D19FB2 /* FibonacciAppTests.swift in Sources */,
			);
			runOnlyForDeploymentPostprocessing = 0;
		};
/* End PBXSourcesBuildPhase section */

/* Begin PBXTargetDependency section */
		92CA01061A5A9C5D00D19FB2 /* PBXTargetDependency */ = {
			isa = PBXTargetDependency;
			target = 92CA00EE1A5A9C5D00D19FB2 /* FibonacciApp */;
			targetProxy = 92CA01051A5A9C5D00D19FB2 /* PBXContainerItemProxy */;
		};
/* End PBXTargetDependency section */

/* Begin PBXVariantGroup section */
		92CA00F81A5A9C5D00D19FB2 /* Main.storyboard */ = {
			isa = PBXVariantGroup;
			children = (
				92CA00F91A5A9C5D00D19FB2 /* Base */,
			);
			name = Main.storyboard;
			sourceTree = "<group>";
		};
		92CA00FD1A5A9C5D00D19FB2 /* LaunchScreen.xib */ = {
			isa = PBXVariantGroup;
			children = (
				92CA00FE1A5A9C5D00D19FB2 /* Base */,
			);
			name = LaunchScreen.xib;
			sourceTree = "<group>";
		};
/* End PBXVariantGroup section */

/* Begin XCBuildConfiguration section */
		92CA010C1A5A9C5D00D19FB2 /* Debug */ = {
			isa = XCBuildConfiguration;
			buildSettings = {
				ALWAYS_SEARCH_USER_PATHS = NO;
				CLANG_CXX_LANGUAGE_STANDARD = "gnu++0x";
				CLANG_CXX_LIBRARY = "libc++";
				CLANG_ENABLE_MODULES = YES;
				CLANG_ENABLE_OBJC_ARC = YES;
				CLANG_WARN_BOOL_CONVERSION = YES;
				CLANG_WARN_CONSTANT_CONVERSION = YES;
				CLANG_WARN_DIRECT_OBJC_ISA_USAGE = YES_ERROR;
				CLANG_WARN_EMPTY_BODY = YES;
				CLANG_WARN_ENUM_CONVERSION = YES;
				CLANG_WARN_INT_CONVERSION = YES;
				CLANG_WARN_OBJC_ROOT_CLASS = YES_ERROR;
				CLANG_WARN_UNREACHABLE_CODE = YES;
				CLANG_WARN__DUPLICATE_METHOD_MATCH = YES;
				"CODE_SIGN_IDENTITY[sdk=iphoneos*]" = "iPhone Developer";
				COPY_PHASE_STRIP = NO;
				ENABLE_STRICT_OBJC_MSGSEND = YES;
				GCC_C_LANGUAGE_STANDARD = gnu99;
				GCC_DYNAMIC_NO_PIC = NO;
				GCC_OPTIMIZATION_LEVEL = 0;
				GCC_PREPROCESSOR_DEFINITIONS = (
					"DEBUG=1",
					"$(inherited)",
				);
				GCC_SYMBOLS_PRIVATE_EXTERN = NO;
				GCC_WARN_64_TO_32_BIT_CONVERSION = YES;
				GCC_WARN_ABOUT_RETURN_TYPE = YES_ERROR;
				GCC_WARN_UNDECLARED_SELECTOR = YES;
				GCC_WARN_UNINITIALIZED_AUTOS = YES_AGGRESSIVE;
				GCC_WARN_UNUSED_FUNCTION = YES;
				GCC_WARN_UNUSED_VARIABLE = YES;
				IPHONEOS_DEPLOYMENT_TARGET = 8.1;
				MTL_ENABLE_DEBUG_INFO = YES;
				ONLY_ACTIVE_ARCH = YES;
				SDKROOT = iphoneos;
				SWIFT_OPTIMIZATION_LEVEL = "-Onone";
			};
			name = Debug;
		};
		92CA010D1A5A9C5D00D19FB2 /* Release */ = {
			isa = XCBuildConfiguration;
			buildSettings = {
				ALWAYS_SEARCH_USER_PATHS = NO;
				CLANG_CXX_LANGUAGE_STANDARD = "gnu++0x";
				CLANG_CXX_LIBRARY = "libc++";
				CLANG_ENABLE_MODULES = YES;
				CLANG_ENABLE_OBJC_ARC = YES;
				CLANG_WARN_BOOL_CONVERSION = YES;
				CLANG_WARN_CONSTANT_CONVERSION = YES;
				CLANG_WARN_DIRECT_OBJC_ISA_USAGE = YES_ERROR;
				CLANG_WARN_EMPTY_BODY = YES;
				CLANG_WARN_ENUM_CONVERSION = YES;
				CLANG_WARN_INT_CONVERSION = YES;
				CLANG_WARN_OBJC_ROOT_CLASS = YES_ERROR;
				CLANG_WARN_UNREACHABLE_CODE = YES;
				CLANG_WARN__DUPLICATE_METHOD_MATCH = YES;
				"CODE_SIGN_IDENTITY[sdk=iphoneos*]" = "iPhone Developer";
				COPY_PHASE_STRIP = YES;
				ENABLE_NS_ASSERTIONS = NO;
				ENABLE_STRICT_OBJC_MSGSEND = YES;
				GCC_C_LANGUAGE_STANDARD = gnu99;
				GCC_WARN_64_TO_32_BIT_CONVERSION = YES;
				GCC_WARN_ABOUT_RETURN_TYPE = YES_ERROR;
				GCC_WARN_UNDECLARED_SELECTOR = YES;
				GCC_WARN_UNINITIALIZED_AUTOS = YES_AGGRESSIVE;
				GCC_WARN_UNUSED_FUNCTION = YES;
				GCC_WARN_UNUSED_VARIABLE = YES;
				IPHONEOS_DEPLOYMENT_TARGET = 8.1;
				MTL_ENABLE_DEBUG_INFO = NO;
				SDKROOT = iphoneos;
				VALIDATE_PRODUCT = YES;
			};
			name = Release;
		};
		92CA010F1A5A9C5D00D19FB2 /* Debug */ = {
			isa = XCBuildConfiguration;
			buildSettings = {
				ASSETCATALOG_COMPILER_APPICON_NAME = AppIcon;
				INFOPLIST_FILE = FibonacciApp/Info.plist;
				LD_RUNPATH_SEARCH_PATHS = "$(inherited) @executable_path/Frameworks";
				PRODUCT_NAME = "$(TARGET_NAME)";
			};
			name = Debug;
		};
		92CA01101A5A9C5D00D19FB2 /* Release */ = {
			isa = XCBuildConfiguration;
			buildSettings = {
				ASSETCATALOG_COMPILER_APPICON_NAME = AppIcon;
				INFOPLIST_FILE = FibonacciApp/Info.plist;
				LD_RUNPATH_SEARCH_PATHS = "$(inherited) @executable_path/Frameworks";
				PRODUCT_NAME = "$(TARGET_NAME)";
			};
			name = Release;
		};
		92CA01121A5A9C5D00D19FB2 /* Debug */ = {
			isa = XCBuildConfiguration;
			buildSettings = {
				BUNDLE_LOADER = "$(TEST_HOST)";
				FRAMEWORK_SEARCH_PATHS = (
					"$(SDKROOT)/Developer/Library/Frameworks",
					"$(inherited)",
				);
				GCC_PREPROCESSOR_DEFINITIONS = (
					"DEBUG=1",
					"$(inherited)",
				);
				INFOPLIST_FILE = FibonacciAppTests/Info.plist;
				LD_RUNPATH_SEARCH_PATHS = "$(inherited) @executable_path/Frameworks @loader_path/Frameworks";
				PRODUCT_NAME = "$(TARGET_NAME)";
				TEST_HOST = "$(BUILT_PRODUCTS_DIR)/FibonacciApp.app/FibonacciApp";
			};
			name = Debug;
		};
		92CA01131A5A9C5D00D19FB2 /* Release */ = {
			isa = XCBuildConfiguration;
			buildSettings = {
				BUNDLE_LOADER = "$(TEST_HOST)";
				FRAMEWORK_SEARCH_PATHS = (
					"$(SDKROOT)/Developer/Library/Frameworks",
					"$(inherited)",
				);
				INFOPLIST_FILE = FibonacciAppTests/Info.plist;
				LD_RUNPATH_SEARCH_PATHS = "$(inherited) @executable_path/Frameworks @loader_path/Frameworks";
				PRODUCT_NAME = "$(TARGET_NAME)";
				TEST_HOST = "$(BUILT_PRODUCTS_DIR)/FibonacciApp.app/FibonacciApp";
			};
			name = Release;
		};
/* End XCBuildConfiguration section */

/* Begin XCConfigurationList section */
		92CA00EA1A5A9C5D00D19FB2 /* Build configuration list for PBXProject "FibonacciApp" */ = {
			isa = XCConfigurationList;
			buildConfigurations = (
				92CA010C1A5A9C5D00D19FB2 /* Debug */,
				92CA010D1A5A9C5D00D19FB2 /* Release */,
			);
			defaultConfigurationIsVisible = 0;
			defaultConfigurationName = Release;
		};
		92CA010E1A5A9C5D00D19FB2 /* Build configuration list for PBXNativeTarget "FibonacciApp" */ = {
			isa = XCConfigurationList;
			buildConfigurations = (
				92CA010F1A5A9C5D00D19FB2 /* Debug */,
				92CA01101A5A9C5D00D19FB2 /* Release */,
			);
			defaultConfigurationIsVisible = 0;
		};
		92CA01111A5A9C5D00D19FB2 /* Build configuration list for PBXNativeTarget "FibonacciAppTests" */ = {
			isa = XCConfigurationList;
			buildConfigurations = (
				92CA01121A5A9C5D00D19FB2 /* Debug */,
				92CA01131A5A9C5D00D19FB2 /* Release */,
			);
			defaultConfigurationIsVisible = 0;
		};
/* End XCConfigurationList section */
	};
	rootObject = 92CA00E71A5A9C5D00D19FB2 /* Project object */;
}
